
Microsoft Visual Studio Solution File, Format Version 12.00
# Visual Studio Version 16
VisualStudioVersion = 16.0.30717.126
MinimumVisualStudioVersion = 10.0.40219.1
Project("{FAE04EC0-301F-11D3-BF4B-00C04F79EFBC}") = "Numeros egipcios", "Numeros egipcios.csproj", "{F2B894E7-B29C-4250-A502-5E5AEBFB0C0A}"
EndProject
Global
	GlobalSection(SolutionConfigurationPlatforms) = preSolution
		Debug|Any CPU = Debug|Any CPU
		Release|Any CPU = Release|Any CPU
	EndGlobalSection
	GlobalSection(ProjectConfigurationPlatforms) = postSolution
		{F2B894E7-B29C-4250-A502-5E5AEBFB0C0A}.Debug|Any CPU.ActiveCfg = Debug|Any CPU
		{F2B894E7-B29C-4250-A502-5E5AEBFB0C0A}.Debug|Any CPU.Build.0 = Debug|Any CPU
		{F2B894E7-B29C-4250-A502-5E5AEBFB0C0A}.Release|Any CPU.ActiveCfg = Release|Any CPU
		{F2B894E7-B29C-4250-A502-5E5AEBFB0C0A}.Release|Any CPU.Build.0 = Release|Any CPU
	EndGlobalSection
	GlobalSection(SolutionProperties) = preSolution
		HideSolutionNode = FALSE
	EndGlobalSection
	GlobalSection(ExtensibilityGlobals) = postSolution
		SolutionGuid = {C05C93A5-45F4-4C8F-97A9-7E0E3F0B9A0A}
	EndGlobalSection
EndGlobal
